
Microsoft Visual Studio Solution File, Format Version 12.00
# Visual Studio Version 17
VisualStudioVersion = 17.9.34728.123
MinimumVisualStudioVersion = 10.0.40219.1
Project("{9092AA53-FB77-4645-B42D-1CCCA6BD08BD}") = "NodejsConsoleApp", "NodejsConsoleApp\NodejsConsoleApp.njsproj", "{AF6B8557-2C5C-4E96-BD15-B43324D9BFB3}"
EndProject
Global
	GlobalSection(SolutionConfigurationPlatforms) = preSolution
		Debug|Any CPU = Debug|Any CPU
		Release|Any CPU = Release|Any CPU
	EndGlobalSection
	GlobalSection(ProjectConfigurationPlatforms) = postSolution
		{AF6B8557-2C5C-4E96-BD15-B43324D9BFB3}.Debug|Any CPU.ActiveCfg = Debug|Any CPU
		{AF6B8557-2C5C-4E96-BD15-B43324D9BFB3}.Debug|Any CPU.Build.0 = Debug|Any CPU
		{AF6B8557-2C5C-4E96-BD15-B43324D9BFB3}.Release|Any CPU.ActiveCfg = Release|Any CPU
		{AF6B8557-2C5C-4E96-BD15-B43324D9BFB3}.Release|Any CPU.Build.0 = Release|Any CPU
	EndGlobalSection
	GlobalSection(SolutionProperties) = preSolution
		HideSolutionNode = FALSE
	EndGlobalSection
	GlobalSection(ExtensibilityGlobals) = postSolution
		SolutionGuid = {1A7530C6-00A0-4AB2-9906-8F22020ED85A}
	EndGlobalSection
EndGlobal
